{
  "name": "Portfolio",
  "lockfileVersion": 3,
  "requires": true,
  "packages": {
    "": {
      "dependencies": {
        "jquery": "^3.7.1",
        "jquery-scrollto": "^1.4.6"
      }
    },
    "node_modules/jquery": {
      "version": "3.7.1",
      "resolved": "https://registry.npmjs.org/jquery/-/jquery-3.7.1.tgz",
      "integrity": "sha512-m4avr8yL8kmFN8psrbFFFmB/If14iN5o9nw/NgnnM+kybDJpRsAynV2BsfpTYrTRysYUdADVD7CkUUizgkpLfg=="
    },
    "node_modules/jquery-scrollto": {
      "version": "1.4.6",
      "resolved": "https://registry.npmjs.org/jquery-scrollto/-/jquery-scrollto-1.4.6.tgz",
      "integrity": "sha512-9oYcICdQapNLGCgA7SH2CcXBElwEMzY8gWBadTzrCj0RdxY/ziVGJie+zWhP+Y8fEvN78RFK07zIx1eOrMo1MA=="
    }
  }
}
